// !$*UTF8*$!
{
	archiveVersion = 1;
	classes = {
	};
	objectVersion = 46;
	objects = {

/* Begin PBXBuildFile section */
		B21DB4521E4B889800E0323D /* WebViewController.m in Sources */ = {isa = PBXBuildFile; fileRef = B21DB4511E4B889800E0323D /* WebViewController.m */; };
		B26B72601E4E2C100021762E /* Reachability.m in Sources */ = {isa = PBXBuildFile; fileRef = B26B725F1E4E2C100021762E /* Reachability.m */; };
		B26B72631E4E2C3C0021762E /* SystemConfiguration.framework in Frameworks */ = {isa = PBXBuildFile; fileRef = B26B72621E4E2C3C0021762E /* SystemConfiguration.framework */; };
		B2D26AB41E45C8C800379FC2 /* ArticleTableViewCell.m in Sources */ = {isa = PBXBuildFile; fileRef = B2D26AB31E45C8C800379FC2 /* ArticleTableViewCell.m */; };
		B2D26AB71E45E13900379FC2 /* UIImageView+Utilities.m in Sources */ = {isa = PBXBuildFile; fileRef = B2D26AB61E45E13900379FC2 /* UIImageView+Utilities.m */; };
		B2FA7EFE1E450632003F1432 /* main.m in Sources */ = {isa = PBXBuildFile; fileRef = B2FA7EFD1E450632003F1432 /* main.m */; };
		B2FA7F011E450632003F1432 /* AppDelegate.m in Sources */ = {isa = PBXBuildFile; fileRef = B2FA7F001E450632003F1432 /* AppDelegate.m */; };
		B2FA7F041E450632003F1432 /* HomeViewController.m in Sources */ = {isa = PBXBuildFile; fileRef = B2FA7F031E450632003F1432 /* HomeViewController.m */; };
		B2FA7F071E450632003F1432 /* Main.storyboard in Resources */ = {isa = PBXBuildFile; fileRef = B2FA7F051E450632003F1432 /* Main.storyboard */; };
		B2FA7F091E450632003F1432 /* Assets.xcassets in Resources */ = {isa = PBXBuildFile; fileRef = B2FA7F081E450632003F1432 /* Assets.xcassets */; };
		B2FA7F0C1E450632003F1432 /* LaunchScreen.storyboard in Resources */ = {isa = PBXBuildFile; fileRef = B2FA7F0A1E450632003F1432 /* LaunchScreen.storyboard */; };
		B2FA7F161E4511F0003F1432 /* Article.m in Sources */ = {isa = PBXBuildFile; fileRef = B2FA7F151E4511F0003F1432 /* Article.m */; };
/* End PBXBuildFile section */

/* Begin PBXFileReference section */
		B21DB4501E4B889800E0323D /* WebViewController.h */ = {isa = PBXFileReference; fileEncoding = 4; lastKnownFileType = sourcecode.c.h; path = WebViewController.h; sourceTree = "<group>"; };
		B21DB4511E4B889800E0323D /* WebViewController.m */ = {isa = PBXFileReference; fileEncoding = 4; lastKnownFileType = sourcecode.c.objc; path = WebViewController.m; sourceTree = "<group>"; };
		B26B725E1E4E2C100021762E /* Reachability.h */ = {isa = PBXFileReference; fileEncoding = 4; lastKnownFileType = sourcecode.c.h; path = Reachability.h; sourceTree = "<group>"; };
		B26B725F1E4E2C100021762E /* Reachability.m */ = {isa = PBXFileReference; fileEncoding = 4; lastKnownFileType = sourcecode.c.objc; path = Reachability.m; sourceTree = "<group>"; };
		B26B72621E4E2C3C0021762E /* SystemConfiguration.framework */ = {isa = PBXFileReference; lastKnownFileType = wrapper.framework; name = SystemConfiguration.framework; path = System/Library/Frameworks/SystemConfiguration.framework; sourceTree = SDKROOT; };
		B2D26AB21E45C8C800379FC2 /* ArticleTableViewCell.h */ = {isa = PBXFileReference; fileEncoding = 4; lastKnownFileType = sourcecode.c.h; path = ArticleTableViewCell.h; sourceTree = "<group>"; };
		B2D26AB31E45C8C800379FC2 /* ArticleTableViewCell.m */ = {isa = PBXFileReference; fileEncoding = 4; lastKnownFileType = sourcecode.c.objc; path = ArticleTableViewCell.m; sourceTree = "<group>"; };
		B2D26AB51E45E13900379FC2 /* UIImageView+Utilities.h */ = {isa = PBXFileReference; fileEncoding = 4; lastKnownFileType = sourcecode.c.h; path = "UIImageView+Utilities.h"; sourceTree = "<group>"; };
		B2D26AB61E45E13900379FC2 /* UIImageView+Utilities.m */ = {isa = PBXFileReference; fileEncoding = 4; lastKnownFileType = sourcecode.c.objc; path = "UIImageView+Utilities.m"; sourceTree = "<group>"; };
		B2FA7EF91E450632003F1432 /* Vesti.app */ = {isa = PBXFileReference; explicitFileType = wrapper.application; includeInIndex = 0; path = Vesti.app; sourceTree = BUILT_PRODUCTS_DIR; };
		B2FA7EFD1E450632003F1432 /* main.m */ = {isa = PBXFileReference; lastKnownFileType = sourcecode.c.objc; path = main.m; sourceTree = "<group>"; };
		B2FA7EFF1E450632003F1432 /* AppDelegate.h */ = {isa = PBXFileReference; lastKnownFileType = sourcecode.c.h; path = AppDelegate.h; sourceTree = "<group>"; };
		B2FA7F001E450632003F1432 /* AppDelegate.m */ = {isa = PBXFileReference; lastKnownFileType = sourcecode.c.objc; path = AppDelegate.m; sourceTree = "<group>"; };
		B2FA7F021E450632003F1432 /* HomeViewController.h */ = {isa = PBXFileReference; lastKnownFileType = sourcecode.c.h; path = HomeViewController.h; sourceTree = "<group>"; };
		B2FA7F031E450632003F1432 /* HomeViewController.m */ = {isa = PBXFileReference; lastKnownFileType = sourcecode.c.objc; path = HomeViewController.m; sourceTree = "<group>"; };
		B2FA7F061E450632003F1432 /* Base */ = {isa = PBXFileReference; lastKnownFileType = file.storyboard; name = Base; path = Base.lproj/Main.storyboard; sourceTree = "<group>"; };
		B2FA7F081E450632003F1432 /* Assets.xcassets */ = {isa = PBXFileReference; lastKnownFileType = folder.assetcatalog; path = Assets.xcassets; sourceTree = "<group>"; };
		B2FA7F0B1E450632003F1432 /* Base */ = {isa = PBXFileReference; lastKnownFileType = file.storyboard; name = Base; path = Base.lproj/LaunchScreen.storyboard; sourceTree = "<group>"; };
		B2FA7F0D1E450632003F1432 /* Info.plist */ = {isa = PBXFileReference; lastKnownFileType = text.plist.xml; path = Info.plist; sourceTree = "<group>"; };
		B2FA7F141E4511F0003F1432 /* Article.h */ = {isa = PBXFileReference; fileEncoding = 4; lastKnownFileType = sourcecode.c.h; path = Article.h; sourceTree = "<group>"; };
		B2FA7F151E4511F0003F1432 /* Article.m */ = {isa = PBXFileReference; fileEncoding = 4; lastKnownFileType = sourcecode.c.objc; path = Article.m; sourceTree = "<group>"; };
/* End PBXFileReference section */

/* Begin PBXFrameworksBuildPhase section */
		B2FA7EF61E450631003F1432 /* Frameworks */ = {
			isa = PBXFrameworksBuildPhase;
			buildActionMask = 2147483647;
			files = (
				B26B72631E4E2C3C0021762E /* SystemConfiguration.framework in Frameworks */,
			);
			runOnlyForDeploymentPostprocessing = 0;
		};
/* End PBXFrameworksBuildPhase section */

/* Begin PBXGroup section */
		B26B725D1E4E2C100021762E /* Reachability */ = {
			isa = PBXGroup;
			children = (
				B26B725E1E4E2C100021762E /* Reachability.h */,
				B26B725F1E4E2C100021762E /* Reachability.m */,
			);
			path = Reachability;
			sourceTree = "<group>";
		};
		B26B72611E4E2C3C0021762E /* Frameworks */ = {
			isa = PBXGroup;
			children = (
				B26B72621E4E2C3C0021762E /* SystemConfiguration.framework */,
			);
			name = Frameworks;
			sourceTree = "<group>";
		};
		B2FA7EF01E450631003F1432 = {
			isa = PBXGroup;
			children = (
				B2FA7EFB1E450632003F1432 /* Vesti */,
				B26B72611E4E2C3C0021762E /* Frameworks */,
				B2FA7EFA1E450632003F1432 /* Products */,
			);
			sourceTree = "<group>";
		};
		B2FA7EFA1E450632003F1432 /* Products */ = {
			isa = PBXGroup;
			children = (
				B2FA7EF91E450632003F1432 /* Vesti.app */,
			);
			name = Products;
			sourceTree = "<group>";
		};
		B2FA7EFB1E450632003F1432 /* Vesti */ = {
			isa = PBXGroup;
			children = (
				B26B725D1E4E2C100021762E /* Reachability */,
				B2FA7EFF1E450632003F1432 /* AppDelegate.h */,
				B2FA7F001E450632003F1432 /* AppDelegate.m */,
				B2FA7F021E450632003F1432 /* HomeViewController.h */,
				B2FA7F031E450632003F1432 /* HomeViewController.m */,
				B21DB4501E4B889800E0323D /* WebViewController.h */,
				B21DB4511E4B889800E0323D /* WebViewController.m */,
				B2FA7F141E4511F0003F1432 /* Article.h */,
				B2FA7F151E4511F0003F1432 /* Article.m */,
				B2D26AB51E45E13900379FC2 /* UIImageView+Utilities.h */,
				B2D26AB61E45E13900379FC2 /* UIImageView+Utilities.m */,
				B2D26AB21E45C8C800379FC2 /* ArticleTableViewCell.h */,
				B2D26AB31E45C8C800379FC2 /* ArticleTableViewCell.m */,
				B2FA7F051E450632003F1432 /* Main.storyboard */,
				B2FA7F081E450632003F1432 /* Assets.xcassets */,
				B2FA7F0A1E450632003F1432 /* LaunchScreen.storyboard */,
				B2FA7F0D1E450632003F1432 /* Info.plist */,
				B2FA7EFC1E450632003F1432 /* Supporting Files */,
			);
			path = Vesti;
			sourceTree = "<group>";
		};
		B2FA7EFC1E450632003F1432 /* Supporting Files */ = {
			isa = PBXGroup;
			children = (
				B2FA7EFD1E450632003F1432 /* main.m */,
			);
			name = "Supporting Files";
			sourceTree = "<group>";
		};
/* End PBXGroup section */

/* Begin PBXNativeTarget section */
		B2FA7EF81E450631003F1432 /* Vesti */ = {
			isa = PBXNativeTarget;
			buildConfigurationList = B2FA7F101E450632003F1432 /* Build configuration list for PBXNativeTarget "Vesti" */;
			buildPhases = (
				B2FA7EF51E450631003F1432 /* Sources */,
				B2FA7EF61E450631003F1432 /* Frameworks */,
				B2FA7EF71E450631003F1432 /* Resources */,
			);
			buildRules = (
			);
			dependencies = (
			);
			name = Vesti;
			productName = Vesti;
			productReference = B2FA7EF91E450632003F1432 /* Vesti.app */;
			productType = "com.apple.product-type.application";
		};
/* End PBXNativeTarget section */

/* Begin PBXProject section */
		B2FA7EF11E450631003F1432 /* Project object */ = {
			isa = PBXProject;
			attributes = {
				LastUpgradeCheck = 0820;
				ORGANIZATIONNAME = Biljana;
				TargetAttributes = {
					B2FA7EF81E450631003F1432 = {
						CreatedOnToolsVersion = 8.2.1;
						ProvisioningStyle = Automatic;
					};
				};
			};
			buildConfigurationList = B2FA7EF41E450631003F1432 /* Build configuration list for PBXProject "Vesti" */;
			compatibilityVersion = "Xcode 3.2";
			developmentRegion = English;
			hasScannedForEncodings = 0;
			knownRegions = (
				en,
				Base,
			);
			mainGroup = B2FA7EF01E450631003F1432;
			productRefGroup = B2FA7EFA1E450632003F1432 /* Products */;
			projectDirPath = "";
			projectRoot = "";
			targets = (
				B2FA7EF81E450631003F1432 /* Vesti */,
			);
		};
/* End PBXProject section */

/* Begin PBXResourcesBuildPhase section */
		B2FA7EF71E450631003F1432 /* Resources */ = {
			isa = PBXResourcesBuildPhase;
			buildActionMask = 2147483647;
			files = (
				B2FA7F0C1E450632003F1432 /* LaunchScreen.storyboard in Resources */,
				B2FA7F091E450632003F1432 /* Assets.xcassets in Resources */,
				B2FA7F071E450632003F1432 /* Main.storyboard in Resources */,
			);
			runOnlyForDeploymentPostprocessing = 0;
		};
/* End PBXResourcesBuildPhase section */

/* Begin PBXSourcesBuildPhase section */
		B2FA7EF51E450631003F1432 /* Sources */ = {
			isa = PBXSourcesBuildPhase;
			buildActionMask = 2147483647;
			files = (
				B2FA7F161E4511F0003F1432 /* Article.m in Sources */,
				B21DB4521E4B889800E0323D /* WebViewController.m in Sources */,
				B26B72601E4E2C100021762E /* Reachability.m in Sources */,
				B2D26AB71E45E13900379FC2 /* UIImageView+Utilities.m in Sources */,
				B2FA7F041E450632003F1432 /* HomeViewController.m in Sources */,
				B2FA7F011E450632003F1432 /* AppDelegate.m in Sources */,
				B2D26AB41E45C8C800379FC2 /* ArticleTableViewCell.m in Sources */,
				B2FA7EFE1E450632003F1432 /* main.m in Sources */,
			);
			runOnlyForDeploymentPostprocessing = 0;
		};
/* End PBXSourcesBuildPhase section */

/* Begin PBXVariantGroup section */
		B2FA7F051E450632003F1432 /* Main.storyboard */ = {
			isa = PBXVariantGroup;
			children = (
				B2FA7F061E450632003F1432 /* Base */,
			);
			name = Main.storyboard;
			sourceTree = "<group>";
		};
		B2FA7F0A1E450632003F1432 /* LaunchScreen.storyboard */ = {
			isa = PBXVariantGroup;
			children = (
				B2FA7F0B1E450632003F1432 /* Base */,
			);
			name = LaunchScreen.storyboard;
			sourceTree = "<group>";
		};
/* End PBXVariantGroup section */

/* Begin XCBuildConfiguration section */
		B2FA7F0E1E450632003F1432 /* Debug */ = {
			isa = XCBuildConfiguration;
			buildSettings = {
				ALWAYS_SEARCH_USER_PATHS = NO;
				CLANG_ANALYZER_NONNULL = YES;
				CLANG_CXX_LANGUAGE_STANDARD = "gnu++0x";
				CLANG_CXX_LIBRARY = "libc++";
				CLANG_ENABLE_MODULES = YES;
				CLANG_ENABLE_OBJC_ARC = YES;
				CLANG_WARN_BOOL_CONVERSION = YES;
				CLANG_WARN_CONSTANT_CONVERSION = YES;
				CLANG_WARN_DIRECT_OBJC_ISA_USAGE = YES_ERROR;
				CLANG_WARN_DOCUMENTATION_COMMENTS = YES;
				CLANG_WARN_EMPTY_BODY = YES;
				CLANG_WARN_ENUM_CONVERSION = YES;
				CLANG_WARN_INFINITE_RECURSION = YES;
				CLANG_WARN_INT_CONVERSION = YES;
				CLANG_WARN_OBJC_ROOT_CLASS = YES_ERROR;
				CLANG_WARN_SUSPICIOUS_MOVE = YES;
				CLANG_WARN_UNREACHABLE_CODE = YES;
				CLANG_WARN__DUPLICATE_METHOD_MATCH = YES;
				"CODE_SIGN_IDENTITY[sdk=iphoneos*]" = "iPhone Developer";
				COPY_PHASE_STRIP = NO;
				DEBUG_INFORMATION_FORMAT = dwarf;
				ENABLE_STRICT_OBJC_MSGSEND = YES;
				ENABLE_TESTABILITY = YES;
				GCC_C_LANGUAGE_STANDARD = gnu99;
				GCC_DYNAMIC_NO_PIC = NO;
				GCC_NO_COMMON_BLOCKS = YES;
				GCC_OPTIMIZATION_LEVEL = 0;
				GCC_PREPROCESSOR_DEFINITIONS = (
					"DEBUG=1",
					"$(inherited)",
				);
				GCC_WARN_64_TO_32_BIT_CONVERSION = YES;
				GCC_WARN_ABOUT_RETURN_TYPE = YES_ERROR;
				GCC_WARN_UNDECLARED_SELECTOR = YES;
				GCC_WARN_UNINITIALIZED_AUTOS = YES_AGGRESSIVE;
				GCC_WARN_UNUSED_FUNCTION = YES;
				GCC_WARN_UNUSED_VARIABLE = YES;
				IPHONEOS_DEPLOYMENT_TARGET = 10.2;
				MTL_ENABLE_DEBUG_INFO = YES;
				ONLY_ACTIVE_ARCH = YES;
				SDKROOT = iphoneos;
				TARGETED_DEVICE_FAMILY = "1,2";
			};
			name = Debug;
		};
		B2FA7F0F1E450632003F1432 /* Release */ = {
			isa = XCBuildConfiguration;
			buildSettings = {
				ALWAYS_SEARCH_USER_PATHS = NO;
				CLANG_ANALYZER_NONNULL = YES;
				CLANG_CXX_LANGUAGE_STANDARD = "gnu++0x";
				CLANG_CXX_LIBRARY = "libc++";
				CLANG_ENABLE_MODULES = YES;
				CLANG_ENABLE_OBJC_ARC = YES;
				CLANG_WARN_BOOL_CONVERSION = YES;
				CLANG_WARN_CONSTANT_CONVERSION = YES;
				CLANG_WARN_DIRECT_OBJC_ISA_USAGE = YES_ERROR;
				CLANG_WARN_DOCUMENTATION_COMMENTS = YES;
				CLANG_WARN_EMPTY_BODY = YES;
				CLANG_WARN_ENUM_CONVERSION = YES;
				CLANG_WARN_INFINITE_RECURSION = YES;
				CLANG_WARN_INT_CONVERSION = YES;
				CLANG_WARN_OBJC_ROOT_CLASS = YES_ERROR;
				CLANG_WARN_SUSPICIOUS_MOVE = YES;
				CLANG_WARN_UNREACHABLE_CODE = YES;
				CLANG_WARN__DUPLICATE_METHOD_MATCH = YES;
				"CODE_SIGN_IDENTITY[sdk=iphoneos*]" = "iPhone Developer";
				COPY_PHASE_STRIP = NO;
				DEBUG_INFORMATION_FORMAT = "dwarf-with-dsym";
				ENABLE_NS_ASSERTIONS = NO;
				ENABLE_STRICT_OBJC_MSGSEND = YES;
				GCC_C_LANGUAGE_STANDARD = gnu99;
				GCC_NO_COMMON_BLOCKS = YES;
				GCC_WARN_64_TO_32_BIT_CONVERSION = YES;
				GCC_WARN_ABOUT_RETURN_TYPE = YES_ERROR;
				GCC_WARN_UNDECLARED_SELECTOR = YES;
				GCC_WARN_UNINITIALIZED_AUTOS = YES_AGGRESSIVE;
				GCC_WARN_UNUSED_FUNCTION = YES;
				GCC_WARN_UNUSED_VARIABLE = YES;
				IPHONEOS_DEPLOYMENT_TARGET = 10.2;
				MTL_ENABLE_DEBUG_INFO = NO;
				SDKROOT = iphoneos;
				TARGETED_DEVICE_FAMILY = "1,2";
				VALIDATE_PRODUCT = YES;
			};
			name = Release;
		};
		B2FA7F111E450632003F1432 /* Debug */ = {
			isa = XCBuildConfiguration;
			buildSettings = {
				ASSETCATALOG_COMPILER_APPICON_NAME = AppIcon;
				INFOPLIST_FILE = Vesti/Info.plist;
				LD_RUNPATH_SEARCH_PATHS = "$(inherited) @executable_path/Frameworks";
				PRODUCT_BUNDLE_IDENTIFIER = rs.sistemi.Vesti;
				PRODUCT_NAME = "$(TARGET_NAME)";
			};
			name = Debug;
		};
		B2FA7F121E450632003F1432 /* Release */ = {
			isa = XCBuildConfiguration;
			buildSettings = {
				ASSETCATALOG_COMPILER_APPICON_NAME = AppIcon;
				INFOPLIST_FILE = Vesti/Info.plist;
				LD_RUNPATH_SEARCH_PATHS = "$(inherited) @executable_path/Frameworks";
				PRODUCT_BUNDLE_IDENTIFIER = rs.sistemi.Vesti;
				PRODUCT_NAME = "$(TARGET_NAME)";
			};
			name = Release;
		};
/* End XCBuildConfiguration section */

/* Begin XCConfigurationList section */
		B2FA7EF41E450631003F1432 /* Build configuration list for PBXProject "Vesti" */ = {
			isa = XCConfigurationList;
			buildConfigurations = (
				B2FA7F0E1E450632003F1432 /* Debug */,
				B2FA7F0F1E450632003F1432 /* Release */,
			);
			defaultConfigurationIsVisible = 0;
			defaultConfigurationName = Release;
		};
		B2FA7F101E450632003F1432 /* Build configuration list for PBXNativeTarget "Vesti" */ = {
			isa = XCConfigurationList;
			buildConfigurations = (
				B2FA7F111E450632003F1432 /* Debug */,
				B2FA7F121E450632003F1432 /* Release */,
			);
			defaultConfigurationIsVisible = 0;
			defaultConfigurationName = Release;
		};
/* End XCConfigurationList section */
	};
	rootObject = B2FA7EF11E450631003F1432 /* Project object */;
}
