// !$*UTF8*$!
{
	archiveVersion = 1;
	classes = {
	};
	objectVersion = 46;
	objects = {

/* Begin PBXBuildFile section */
		B2B5BC481E731BEE00F86039 /* main.m in Sources */ = {isa = PBXBuildFile; fileRef = B2B5BC471E731BEE00F86039 /* main.m */; };
		B2B5BC4B1E731BEE00F86039 /* AppDelegate.m in Sources */ = {isa = PBXBuildFile; fileRef = B2B5BC4A1E731BEE00F86039 /* AppDelegate.m */; };
		B2B5BC4E1E731BEE00F86039 /* ViewController.m in Sources */ = {isa = PBXBuildFile; fileRef = B2B5BC4D1E731BEE00F86039 /* ViewController.m */; };
		B2B5BC511E731BEE00F86039 /* Main.storyboard in Resources */ = {isa = PBXBuildFile; fileRef = B2B5BC4F1E731BEE00F86039 /* Main.storyboard */; };
		B2B5BC531E731BEE00F86039 /* Assets.xcassets in Resources */ = {isa = PBXBuildFile; fileRef = B2B5BC521E731BEE00F86039 /* Assets.xcassets */; };
		B2B5BC561E731BEE00F86039 /* LaunchScreen.storyboard in Resources */ = {isa = PBXBuildFile; fileRef = B2B5BC541E731BEE00F86039 /* LaunchScreen.storyboard */; };
		B2B5BC5F1E73365E00F86039 /* Bookmark.m in Sources */ = {isa = PBXBuildFile; fileRef = B2B5BC5E1E73365E00F86039 /* Bookmark.m */; };
/* End PBXBuildFile section */

/* Begin PBXFileReference section */
		B2B5BC431E731BEE00F86039 /* Browser.app */ = {isa = PBXFileReference; explicitFileType = wrapper.application; includeInIndex = 0; path = Browser.app; sourceTree = BUILT_PRODUCTS_DIR; };
		B2B5BC471E731BEE00F86039 /* main.m */ = {isa = PBXFileReference; lastKnownFileType = sourcecode.c.objc; path = main.m; sourceTree = "<group>"; };
		B2B5BC491E731BEE00F86039 /* AppDelegate.h */ = {isa = PBXFileReference; lastKnownFileType = sourcecode.c.h; path = AppDelegate.h; sourceTree = "<group>"; };
		B2B5BC4A1E731BEE00F86039 /* AppDelegate.m */ = {isa = PBXFileReference; lastKnownFileType = sourcecode.c.objc; path = AppDelegate.m; sourceTree = "<group>"; };
		B2B5BC4C1E731BEE00F86039 /* ViewController.h */ = {isa = PBXFileReference; lastKnownFileType = sourcecode.c.h; path = ViewController.h; sourceTree = "<group>"; };
		B2B5BC4D1E731BEE00F86039 /* ViewController.m */ = {isa = PBXFileReference; lastKnownFileType = sourcecode.c.objc; path = ViewController.m; sourceTree = "<group>"; };
		B2B5BC501E731BEE00F86039 /* Base */ = {isa = PBXFileReference; lastKnownFileType = file.storyboard; name = Base; path = Base.lproj/Main.storyboard; sourceTree = "<group>"; };
		B2B5BC521E731BEE00F86039 /* Assets.xcassets */ = {isa = PBXFileReference; lastKnownFileType = folder.assetcatalog; path = Assets.xcassets; sourceTree = "<group>"; };
		B2B5BC551E731BEE00F86039 /* Base */ = {isa = PBXFileReference; lastKnownFileType = file.storyboard; name = Base; path = Base.lproj/LaunchScreen.storyboard; sourceTree = "<group>"; };
		B2B5BC571E731BEE00F86039 /* Info.plist */ = {isa = PBXFileReference; lastKnownFileType = text.plist.xml; path = Info.plist; sourceTree = "<group>"; };
		B2B5BC5D1E73365E00F86039 /* Bookmark.h */ = {isa = PBXFileReference; fileEncoding = 4; lastKnownFileType = sourcecode.c.h; path = Bookmark.h; sourceTree = "<group>"; };
		B2B5BC5E1E73365E00F86039 /* Bookmark.m */ = {isa = PBXFileReference; fileEncoding = 4; lastKnownFileType = sourcecode.c.objc; path = Bookmark.m; sourceTree = "<group>"; };
/* End PBXFileReference section */

/* Begin PBXFrameworksBuildPhase section */
		B2B5BC401E731BEE00F86039 /* Frameworks */ = {
			isa = PBXFrameworksBuildPhase;
			buildActionMask = 2147483647;
			files = (
			);
			runOnlyForDeploymentPostprocessing = 0;
		};
/* End PBXFrameworksBuildPhase section */

/* Begin PBXGroup section */
		B2B5BC3A1E731BEE00F86039 = {
			isa = PBXGroup;
			children = (
				B2B5BC451E731BEE00F86039 /* Browser */,
				B2B5BC441E731BEE00F86039 /* Products */,
			);
			sourceTree = "<group>";
		};
		B2B5BC441E731BEE00F86039 /* Products */ = {
			isa = PBXGroup;
			children = (
				B2B5BC431E731BEE00F86039 /* Browser.app */,
			);
			name = Products;
			sourceTree = "<group>";
		};
		B2B5BC451E731BEE00F86039 /* Browser */ = {
			isa = PBXGroup;
			children = (
				B2B5BC491E731BEE00F86039 /* AppDelegate.h */,
				B2B5BC4A1E731BEE00F86039 /* AppDelegate.m */,
				B2B5BC4C1E731BEE00F86039 /* ViewController.h */,
				B2B5BC4D1E731BEE00F86039 /* ViewController.m */,
				B2B5BC5D1E73365E00F86039 /* Bookmark.h */,
				B2B5BC5E1E73365E00F86039 /* Bookmark.m */,
				B2B5BC4F1E731BEE00F86039 /* Main.storyboard */,
				B2B5BC521E731BEE00F86039 /* Assets.xcassets */,
				B2B5BC541E731BEE00F86039 /* LaunchScreen.storyboard */,
				B2B5BC571E731BEE00F86039 /* Info.plist */,
				B2B5BC461E731BEE00F86039 /* Supporting Files */,
			);
			path = Browser;
			sourceTree = "<group>";
		};
		B2B5BC461E731BEE00F86039 /* Supporting Files */ = {
			isa = PBXGroup;
			children = (
				B2B5BC471E731BEE00F86039 /* main.m */,
			);
			name = "Supporting Files";
			sourceTree = "<group>";
		};
/* End PBXGroup section */

/* Begin PBXNativeTarget section */
		B2B5BC421E731BEE00F86039 /* Browser */ = {
			isa = PBXNativeTarget;
			buildConfigurationList = B2B5BC5A1E731BEE00F86039 /* Build configuration list for PBXNativeTarget "Browser" */;
			buildPhases = (
				B2B5BC3F1E731BEE00F86039 /* Sources */,
				B2B5BC401E731BEE00F86039 /* Frameworks */,
				B2B5BC411E731BEE00F86039 /* Resources */,
			);
			buildRules = (
			);
			dependencies = (
			);
			name = Browser;
			productName = Browser;
			productReference = B2B5BC431E731BEE00F86039 /* Browser.app */;
			productType = "com.apple.product-type.application";
		};
/* End PBXNativeTarget section */

/* Begin PBXProject section */
		B2B5BC3B1E731BEE00F86039 /* Project object */ = {
			isa = PBXProject;
			attributes = {
				LastUpgradeCheck = 0820;
				ORGANIZATIONNAME = Biljana;
				TargetAttributes = {
					B2B5BC421E731BEE00F86039 = {
						CreatedOnToolsVersion = 8.2.1;
						ProvisioningStyle = Automatic;
					};
				};
			};
			buildConfigurationList = B2B5BC3E1E731BEE00F86039 /* Build configuration list for PBXProject "Browser" */;
			compatibilityVersion = "Xcode 3.2";
			developmentRegion = English;
			hasScannedForEncodings = 0;
			knownRegions = (
				en,
				Base,
			);
			mainGroup = B2B5BC3A1E731BEE00F86039;
			productRefGroup = B2B5BC441E731BEE00F86039 /* Products */;
			projectDirPath = "";
			projectRoot = "";
			targets = (
				B2B5BC421E731BEE00F86039 /* Browser */,
			);
		};
/* End PBXProject section */

/* Begin PBXResourcesBuildPhase section */
		B2B5BC411E731BEE00F86039 /* Resources */ = {
			isa = PBXResourcesBuildPhase;
			buildActionMask = 2147483647;
			files = (
				B2B5BC561E731BEE00F86039 /* LaunchScreen.storyboard in Resources */,
				B2B5BC531E731BEE00F86039 /* Assets.xcassets in Resources */,
				B2B5BC511E731BEE00F86039 /* Main.storyboard in Resources */,
			);
			runOnlyForDeploymentPostprocessing = 0;
		};
/* End PBXResourcesBuildPhase section */

/* Begin PBXSourcesBuildPhase section */
		B2B5BC3F1E731BEE00F86039 /* Sources */ = {
			isa = PBXSourcesBuildPhase;
			buildActionMask = 2147483647;
			files = (
				B2B5BC4E1E731BEE00F86039 /* ViewController.m in Sources */,
				B2B5BC4B1E731BEE00F86039 /* AppDelegate.m in Sources */,
				B2B5BC481E731BEE00F86039 /* main.m in Sources */,
				B2B5BC5F1E73365E00F86039 /* Bookmark.m in Sources */,
			);
			runOnlyForDeploymentPostprocessing = 0;
		};
/* End PBXSourcesBuildPhase section */

/* Begin PBXVariantGroup section */
		B2B5BC4F1E731BEE00F86039 /* Main.storyboard */ = {
			isa = PBXVariantGroup;
			children = (
				B2B5BC501E731BEE00F86039 /* Base */,
			);
			name = Main.storyboard;
			sourceTree = "<group>";
		};
		B2B5BC541E731BEE00F86039 /* LaunchScreen.storyboard */ = {
			isa = PBXVariantGroup;
			children = (
				B2B5BC551E731BEE00F86039 /* Base */,
			);
			name = LaunchScreen.storyboard;
			sourceTree = "<group>";
		};
/* End PBXVariantGroup section */

/* Begin XCBuildConfiguration section */
		B2B5BC581E731BEE00F86039 /* Debug */ = {
			isa = XCBuildConfiguration;
			buildSettings = {
				ALWAYS_SEARCH_USER_PATHS = NO;
				CLANG_ANALYZER_NONNULL = YES;
				CLANG_CXX_LANGUAGE_STANDARD = "gnu++0x";
				CLANG_CXX_LIBRARY = "libc++";
				CLANG_ENABLE_MODULES = YES;
				CLANG_ENABLE_OBJC_ARC = YES;
				CLANG_WARN_BOOL_CONVERSION = YES;
				CLANG_WARN_CONSTANT_CONVERSION = YES;
				CLANG_WARN_DIRECT_OBJC_ISA_USAGE = YES_ERROR;
				CLANG_WARN_DOCUMENTATION_COMMENTS = YES;
				CLANG_WARN_EMPTY_BODY = YES;
				CLANG_WARN_ENUM_CONVERSION = YES;
				CLANG_WARN_INFINITE_RECURSION = YES;
				CLANG_WARN_INT_CONVERSION = YES;
				CLANG_WARN_OBJC_ROOT_CLASS = YES_ERROR;
				CLANG_WARN_SUSPICIOUS_MOVE = YES;
				CLANG_WARN_UNREACHABLE_CODE = YES;
				CLANG_WARN__DUPLICATE_METHOD_MATCH = YES;
				"CODE_SIGN_IDENTITY[sdk=iphoneos*]" = "iPhone Developer";
				COPY_PHASE_STRIP = NO;
				DEBUG_INFORMATION_FORMAT = dwarf;
				ENABLE_STRICT_OBJC_MSGSEND = YES;
				ENABLE_TESTABILITY = YES;
				GCC_C_LANGUAGE_STANDARD = gnu99;
				GCC_DYNAMIC_NO_PIC = NO;
				GCC_NO_COMMON_BLOCKS = YES;
				GCC_OPTIMIZATION_LEVEL = 0;
				GCC_PREPROCESSOR_DEFINITIONS = (
					"DEBUG=1",
					"$(inherited)",
				);
				GCC_WARN_64_TO_32_BIT_CONVERSION = YES;
				GCC_WARN_ABOUT_RETURN_TYPE = YES_ERROR;
				GCC_WARN_UNDECLARED_SELECTOR = YES;
				GCC_WARN_UNINITIALIZED_AUTOS = YES_AGGRESSIVE;
				GCC_WARN_UNUSED_FUNCTION = YES;
				GCC_WARN_UNUSED_VARIABLE = YES;
				IPHONEOS_DEPLOYMENT_TARGET = 10.2;
				MTL_ENABLE_DEBUG_INFO = YES;
				ONLY_ACTIVE_ARCH = YES;
				SDKROOT = iphoneos;
				TARGETED_DEVICE_FAMILY = "1,2";
			};
			name = Debug;
		};
		B2B5BC591E731BEE00F86039 /* Release */ = {
			isa = XCBuildConfiguration;
			buildSettings = {
				ALWAYS_SEARCH_USER_PATHS = NO;
				CLANG_ANALYZER_NONNULL = YES;
				CLANG_CXX_LANGUAGE_STANDARD = "gnu++0x";
				CLANG_CXX_LIBRARY = "libc++";
				CLANG_ENABLE_MODULES = YES;
				CLANG_ENABLE_OBJC_ARC = YES;
				CLANG_WARN_BOOL_CONVERSION = YES;
				CLANG_WARN_CONSTANT_CONVERSION = YES;
				CLANG_WARN_DIRECT_OBJC_ISA_USAGE = YES_ERROR;
				CLANG_WARN_DOCUMENTATION_COMMENTS = YES;
				CLANG_WARN_EMPTY_BODY = YES;
				CLANG_WARN_ENUM_CONVERSION = YES;
				CLANG_WARN_INFINITE_RECURSION = YES;
				CLANG_WARN_INT_CONVERSION = YES;
				CLANG_WARN_OBJC_ROOT_CLASS = YES_ERROR;
				CLANG_WARN_SUSPICIOUS_MOVE = YES;
				CLANG_WARN_UNREACHABLE_CODE = YES;
				CLANG_WARN__DUPLICATE_METHOD_MATCH = YES;
				"CODE_SIGN_IDENTITY[sdk=iphoneos*]" = "iPhone Developer";
				COPY_PHASE_STRIP = NO;
				DEBUG_INFORMATION_FORMAT = "dwarf-with-dsym";
				ENABLE_NS_ASSERTIONS = NO;
				ENABLE_STRICT_OBJC_MSGSEND = YES;
				GCC_C_LANGUAGE_STANDARD = gnu99;
				GCC_NO_COMMON_BLOCKS = YES;
				GCC_WARN_64_TO_32_BIT_CONVERSION = YES;
				GCC_WARN_ABOUT_RETURN_TYPE = YES_ERROR;
				GCC_WARN_UNDECLARED_SELECTOR = YES;
				GCC_WARN_UNINITIALIZED_AUTOS = YES_AGGRESSIVE;
				GCC_WARN_UNUSED_FUNCTION = YES;
				GCC_WARN_UNUSED_VARIABLE = YES;
				IPHONEOS_DEPLOYMENT_TARGET = 10.2;
				MTL_ENABLE_DEBUG_INFO = NO;
				SDKROOT = iphoneos;
				TARGETED_DEVICE_FAMILY = "1,2";
				VALIDATE_PRODUCT = YES;
			};
			name = Release;
		};
		B2B5BC5B1E731BEE00F86039 /* Debug */ = {
			isa = XCBuildConfiguration;
			buildSettings = {
				ASSETCATALOG_COMPILER_APPICON_NAME = AppIcon;
				INFOPLIST_FILE = Browser/Info.plist;
				LD_RUNPATH_SEARCH_PATHS = "$(inherited) @executable_path/Frameworks";
				PRODUCT_BUNDLE_IDENTIFIER = rs.sistemi.Browser;
				PRODUCT_NAME = "$(TARGET_NAME)";
			};
			name = Debug;
		};
		B2B5BC5C1E731BEE00F86039 /* Release */ = {
			isa = XCBuildConfiguration;
			buildSettings = {
				ASSETCATALOG_COMPILER_APPICON_NAME = AppIcon;
				INFOPLIST_FILE = Browser/Info.plist;
				LD_RUNPATH_SEARCH_PATHS = "$(inherited) @executable_path/Frameworks";
				PRODUCT_BUNDLE_IDENTIFIER = rs.sistemi.Browser;
				PRODUCT_NAME = "$(TARGET_NAME)";
			};
			name = Release;
		};
/* End XCBuildConfiguration section */

/* Begin XCConfigurationList section */
		B2B5BC3E1E731BEE00F86039 /* Build configuration list for PBXProject "Browser" */ = {
			isa = XCConfigurationList;
			buildConfigurations = (
				B2B5BC581E731BEE00F86039 /* Debug */,
				B2B5BC591E731BEE00F86039 /* Release */,
			);
			defaultConfigurationIsVisible = 0;
			defaultConfigurationName = Release;
		};
		B2B5BC5A1E731BEE00F86039 /* Build configuration list for PBXNativeTarget "Browser" */ = {
			isa = XCConfigurationList;
			buildConfigurations = (
				B2B5BC5B1E731BEE00F86039 /* Debug */,
				B2B5BC5C1E731BEE00F86039 /* Release */,
			);
			defaultConfigurationIsVisible = 0;
		};
/* End XCConfigurationList section */
	};
	rootObject = B2B5BC3B1E731BEE00F86039 /* Project object */;
}
